# Generated by buf. DO NOT EDIT.
version: v1
deps:
  - remote: buf.build
    owner: protocolbuffers
    repository: wellknowntypes
    commit: 9d16d599a978406980f6e2f081331a93
    digest: shake256:946278992baee216f7742401780df3727195ffc068a30e21769c7e808d16ee25e9e48e51f938b6ddbe405abe46c45091a56ad90aac1cad0d809d16cbad889ff1
